// !$*UTF8*$!
{
	archiveVersion = 1;
	classes = {
	};
	objectVersion = 55;
	objects = {

/* Begin PBXBuildFile section */
		544AD43C3F013247350D60A2 /* libPods-ISLoopMeAdapter.a in Frameworks */ = {isa = PBXBuildFile; fileRef = 8035643A682461C990337914 /* libPods-ISLoopMeAdapter.a */; };
		B9F272942B34792300B4833A /* ISLoopMeCustomRewardedVideo.h in Headers */ = {isa = PBXBuildFile; fileRef = B9F2728C2B34792200B4833A /* ISLoopMeCustomRewardedVideo.h */; settings = {ATTRIBUTES = (Public, ); }; };
		B9F272952B34792300B4833A /* ISLoopMeCustomAdapter.m in Sources */ = {isa = PBXBuildFile; fileRef = B9F2728D2B34792200B4833A /* ISLoopMeCustomAdapter.m */; };
		B9F272962B34792300B4833A /* ISLoopMeCustomRewardedVideo.m in Sources */ = {isa = PBXBuildFile; fileRef = B9F2728E2B34792200B4833A /* ISLoopMeCustomRewardedVideo.m */; };
		B9F272972B34792300B4833A /* ISLoopMeCustomBanner.h in Headers */ = {isa = PBXBuildFile; fileRef = B9F2728F2B34792200B4833A /* ISLoopMeCustomBanner.h */; settings = {ATTRIBUTES = (Public, ); }; };
		B9F272982B34792300B4833A /* ISLoopMeCustomAdapter.h in Headers */ = {isa = PBXBuildFile; fileRef = B9F272902B34792300B4833A /* ISLoopMeCustomAdapter.h */; settings = {ATTRIBUTES = (Public, ); }; };
		B9F272992B34792300B4833A /* ISLoopMeCustomBanner.m in Sources */ = {isa = PBXBuildFile; fileRef = B9F272912B34792300B4833A /* ISLoopMeCustomBanner.m */; };
		B9F2729A2B34792300B4833A /* ISLoopMeCustomInterstitial.h in Headers */ = {isa = PBXBuildFile; fileRef = B9F272922B34792300B4833A /* ISLoopMeCustomInterstitial.h */; settings = {ATTRIBUTES = (Public, ); }; };
		B9F2729B2B34792300B4833A /* ISLoopMeCustomInterstitial.m in Sources */ = {isa = PBXBuildFile; fileRef = B9F272932B34792300B4833A /* ISLoopMeCustomInterstitial.m */; };
/* End PBXBuildFile section */

/* Begin PBXFileReference section */
		0685D79167A4E141FFA8C4C7 /* Pods-ISInMobiAdapter.release.xcconfig */ = {isa = PBXFileReference; includeInIndex = 1; lastKnownFileType = text.xcconfig; name = "Pods-ISInMobiAdapter.release.xcconfig"; path = "Target Support Files/Pods-ISInMobiAdapter/Pods-ISInMobiAdapter.release.xcconfig"; sourceTree = "<group>"; };
		360098B97EE52F6E096A7032 /* Pods-ISLoopMeAdapter.debug.xcconfig */ = {isa = PBXFileReference; includeInIndex = 1; lastKnownFileType = text.xcconfig; name = "Pods-ISLoopMeAdapter.debug.xcconfig"; path = "Target Support Files/Pods-ISLoopMeAdapter/Pods-ISLoopMeAdapter.debug.xcconfig"; sourceTree = "<group>"; };
		8035643A682461C990337914 /* libPods-ISLoopMeAdapter.a */ = {isa = PBXFileReference; explicitFileType = archive.ar; includeInIndex = 0; path = "libPods-ISLoopMeAdapter.a"; sourceTree = BUILT_PRODUCTS_DIR; };
		B1A5010FB4A05955569FFA9A /* Pods-ISLoopMeAdapter.release.xcconfig */ = {isa = PBXFileReference; includeInIndex = 1; lastKnownFileType = text.xcconfig; name = "Pods-ISLoopMeAdapter.release.xcconfig"; path = "Target Support Files/Pods-ISLoopMeAdapter/Pods-ISLoopMeAdapter.release.xcconfig"; sourceTree = "<group>"; };
		B9F2728C2B34792200B4833A /* ISLoopMeCustomRewardedVideo.h */ = {isa = PBXFileReference; fileEncoding = 4; lastKnownFileType = sourcecode.c.h; path = ISLoopMeCustomRewardedVideo.h; sourceTree = "<group>"; };
		B9F2728D2B34792200B4833A /* ISLoopMeCustomAdapter.m */ = {isa = PBXFileReference; fileEncoding = 4; lastKnownFileType = sourcecode.c.objc; path = ISLoopMeCustomAdapter.m; sourceTree = "<group>"; };
		B9F2728E2B34792200B4833A /* ISLoopMeCustomRewardedVideo.m */ = {isa = PBXFileReference; fileEncoding = 4; lastKnownFileType = sourcecode.c.objc; path = ISLoopMeCustomRewardedVideo.m; sourceTree = "<group>"; };
		B9F2728F2B34792200B4833A /* ISLoopMeCustomBanner.h */ = {isa = PBXFileReference; fileEncoding = 4; lastKnownFileType = sourcecode.c.h; path = ISLoopMeCustomBanner.h; sourceTree = "<group>"; };
		B9F272902B34792300B4833A /* ISLoopMeCustomAdapter.h */ = {isa = PBXFileReference; fileEncoding = 4; lastKnownFileType = sourcecode.c.h; path = ISLoopMeCustomAdapter.h; sourceTree = "<group>"; };
		B9F272912B34792300B4833A /* ISLoopMeCustomBanner.m */ = {isa = PBXFileReference; fileEncoding = 4; lastKnownFileType = sourcecode.c.objc; path = ISLoopMeCustomBanner.m; sourceTree = "<group>"; };
		B9F272922B34792300B4833A /* ISLoopMeCustomInterstitial.h */ = {isa = PBXFileReference; fileEncoding = 4; lastKnownFileType = sourcecode.c.h; path = ISLoopMeCustomInterstitial.h; sourceTree = "<group>"; };
		B9F272932B34792300B4833A /* ISLoopMeCustomInterstitial.m */ = {isa = PBXFileReference; fileEncoding = 4; lastKnownFileType = sourcecode.c.objc; path = ISLoopMeCustomInterstitial.m; sourceTree = "<group>"; };
		CDEAA865F685C3AC38ECE6D5 /* Pods-ISInMobiAdapter.debug.xcconfig */ = {isa = PBXFileReference; includeInIndex = 1; lastKnownFileType = text.xcconfig; name = "Pods-ISInMobiAdapter.debug.xcconfig"; path = "Target Support Files/Pods-ISInMobiAdapter/Pods-ISInMobiAdapter.debug.xcconfig"; sourceTree = "<group>"; };
		EFE27C0428337CC500391127 /* ISLoopMeAdapter.framework */ = {isa = PBXFileReference; explicitFileType = wrapper.framework; includeInIndex = 0; path = ISLoopMeAdapter.framework; sourceTree = BUILT_PRODUCTS_DIR; };
/* End PBXFileReference section */

/* Begin PBXFrameworksBuildPhase section */
		EFE27C0128337CC500391127 /* Frameworks */ = {
			isa = PBXFrameworksBuildPhase;
			buildActionMask = 2147483647;
			files = (
				544AD43C3F013247350D60A2 /* libPods-ISLoopMeAdapter.a in Frameworks */,
			);
			runOnlyForDeploymentPostprocessing = 0;
		};
/* End PBXFrameworksBuildPhase section */

/* Begin PBXGroup section */
		2B13A6DEF45C8EF527BE2EBC /* Pods */ = {
			isa = PBXGroup;
			children = (
				CDEAA865F685C3AC38ECE6D5 /* Pods-ISInMobiAdapter.debug.xcconfig */,
				0685D79167A4E141FFA8C4C7 /* Pods-ISInMobiAdapter.release.xcconfig */,
				360098B97EE52F6E096A7032 /* Pods-ISLoopMeAdapter.debug.xcconfig */,
				B1A5010FB4A05955569FFA9A /* Pods-ISLoopMeAdapter.release.xcconfig */,
			);
			path = Pods;
			sourceTree = "<group>";
		};
		2E1224D02A94D6A00077BA2C /* ISLoopmeAdapter */ = {
			isa = PBXGroup;
			children = (
				B9F272902B34792300B4833A /* ISLoopMeCustomAdapter.h */,
				B9F2728D2B34792200B4833A /* ISLoopMeCustomAdapter.m */,
				B9F2728F2B34792200B4833A /* ISLoopMeCustomBanner.h */,
				B9F272912B34792300B4833A /* ISLoopMeCustomBanner.m */,
				B9F272922B34792300B4833A /* ISLoopMeCustomInterstitial.h */,
				B9F272932B34792300B4833A /* ISLoopMeCustomInterstitial.m */,
				B9F2728C2B34792200B4833A /* ISLoopMeCustomRewardedVideo.h */,
				B9F2728E2B34792200B4833A /* ISLoopMeCustomRewardedVideo.m */,
			);
			path = ISLoopmeAdapter;
			sourceTree = "<group>";
		};
		BC81E8CEBEBC633400C70159 /* Frameworks */ = {
			isa = PBXGroup;
			children = (
				8035643A682461C990337914 /* libPods-ISLoopMeAdapter.a */,
			);
			name = Frameworks;
			sourceTree = "<group>";
		};
		EFE27BFA28337CC500391127 = {
			isa = PBXGroup;
			children = (
				2E1224D02A94D6A00077BA2C /* ISLoopmeAdapter */,
				EFE27C0528337CC500391127 /* Products */,
				2B13A6DEF45C8EF527BE2EBC /* Pods */,
				BC81E8CEBEBC633400C70159 /* Frameworks */,
			);
			sourceTree = "<group>";
		};
		EFE27C0528337CC500391127 /* Products */ = {
			isa = PBXGroup;
			children = (
				EFE27C0428337CC500391127 /* ISLoopMeAdapter.framework */,
			);
			name = Products;
			sourceTree = "<group>";
		};
/* End PBXGroup section */

/* Begin PBXHeadersBuildPhase section */
		EFE27BFF28337CC500391127 /* Headers */ = {
			isa = PBXHeadersBuildPhase;
			buildActionMask = 2147483647;
			files = (
				B9F272942B34792300B4833A /* ISLoopMeCustomRewardedVideo.h in Headers */,
				B9F2729A2B34792300B4833A /* ISLoopMeCustomInterstitial.h in Headers */,
				B9F272982B34792300B4833A /* ISLoopMeCustomAdapter.h in Headers */,
				B9F272972B34792300B4833A /* ISLoopMeCustomBanner.h in Headers */,
			);
			runOnlyForDeploymentPostprocessing = 0;
		};
/* End PBXHeadersBuildPhase section */

/* Begin PBXNativeTarget section */
		EFE27C0328337CC500391127 /* ISLoopMeAdapter */ = {
			isa = PBXNativeTarget;
			buildConfigurationList = EFE27C0B28337CC500391127 /* Build configuration list for PBXNativeTarget "ISLoopMeAdapter" */;
			buildPhases = (
				EC959F3FC840634FE254C06B /* [CP] Check Pods Manifest.lock */,
				EFE27BFF28337CC500391127 /* Headers */,
				EFE27C0028337CC500391127 /* Sources */,
				EFE27C0128337CC500391127 /* Frameworks */,
				EFE27C0228337CC500391127 /* Resources */,
				EFE27C1C28337E5800391127 /* Create XCFramework */,
				F1DDD75828CA574500835912 /* ShellScript */,
				4F905511E2C2D091081344F7 /* [CP] Copy Pods Resources */,
			);
			buildRules = (
			);
			dependencies = (
			);
			name = ISLoopMeAdapter;
			productName = ISAdColonyAdapter;
			productReference = EFE27C0428337CC500391127 /* ISLoopMeAdapter.framework */;
			productType = "com.apple.product-type.framework";
		};
/* End PBXNativeTarget section */

/* Begin PBXProject section */
		EFE27BFB28337CC500391127 /* Project object */ = {
			isa = PBXProject;
			attributes = {
				BuildIndependentTargetsInParallel = 1;
				LastUpgradeCheck = 1330;
				TargetAttributes = {
					EFE27C0328337CC500391127 = {
						CreatedOnToolsVersion = 13.3.1;
					};
				};
			};
			buildConfigurationList = EFE27BFE28337CC500391127 /* Build configuration list for PBXProject "ISLoopMeAdapter" */;
			compatibilityVersion = "Xcode 13.0";
			developmentRegion = en;
			hasScannedForEncodings = 0;
			knownRegions = (
				en,
				Base,
			);
			mainGroup = EFE27BFA28337CC500391127;
			productRefGroup = EFE27C0528337CC500391127 /* Products */;
			projectDirPath = "";
			projectRoot = "";
			targets = (
				EFE27C0328337CC500391127 /* ISLoopMeAdapter */,
			);
		};
/* End PBXProject section */

/* Begin PBXResourcesBuildPhase section */
		EFE27C0228337CC500391127 /* Resources */ = {
			isa = PBXResourcesBuildPhase;
			buildActionMask = 2147483647;
			files = (
			);
			runOnlyForDeploymentPostprocessing = 0;
		};
/* End PBXResourcesBuildPhase section */

/* Begin PBXShellScriptBuildPhase section */
		4F905511E2C2D091081344F7 /* [CP] Copy Pods Resources */ = {
			isa = PBXShellScriptBuildPhase;
			buildActionMask = 2147483647;
			files = (
			);
			inputFileListPaths = (
				"${PODS_ROOT}/Target Support Files/Pods-ISLoopMeAdapter/Pods-ISLoopMeAdapter-resources-${CONFIGURATION}-input-files.xcfilelist",
			);
			name = "[CP] Copy Pods Resources";
			outputFileListPaths = (
				"${PODS_ROOT}/Target Support Files/Pods-ISLoopMeAdapter/Pods-ISLoopMeAdapter-resources-${CONFIGURATION}-output-files.xcfilelist",
			);
			runOnlyForDeploymentPostprocessing = 0;
			shellPath = /bin/sh;
			shellScript = "\"${PODS_ROOT}/Target Support Files/Pods-ISLoopMeAdapter/Pods-ISLoopMeAdapter-resources.sh\"\n";
			showEnvVarsInLog = 0;
		};
		EC959F3FC840634FE254C06B /* [CP] Check Pods Manifest.lock */ = {
			isa = PBXShellScriptBuildPhase;
			buildActionMask = 2147483647;
			files = (
			);
			inputFileListPaths = (
			);
			inputPaths = (
				"${PODS_PODFILE_DIR_PATH}/Podfile.lock",
				"${PODS_ROOT}/Manifest.lock",
			);
			name = "[CP] Check Pods Manifest.lock";
			outputFileListPaths = (
			);
			outputPaths = (
				"$(DERIVED_FILE_DIR)/Pods-ISLoopMeAdapter-checkManifestLockResult.txt",
			);
			runOnlyForDeploymentPostprocessing = 0;
			shellPath = /bin/sh;
			shellScript = "diff \"${PODS_PODFILE_DIR_PATH}/Podfile.lock\" \"${PODS_ROOT}/Manifest.lock\" > /dev/null\nif [ $? != 0 ] ; then\n    # print error to STDERR\n    echo \"error: The sandbox is not in sync with the Podfile.lock. Run 'pod install' or update your CocoaPods installation.\" >&2\n    exit 1\nfi\n# This output is used by Xcode 'outputs' to avoid re-running this script phase.\necho \"SUCCESS\" > \"${SCRIPT_OUTPUT_FILE_0}\"\n";
			showEnvVarsInLog = 0;
		};
		EFE27C1C28337E5800391127 /* Create XCFramework */ = {
			isa = PBXShellScriptBuildPhase;
			buildActionMask = 2147483647;
			files = (
			);
			inputFileListPaths = (
			);
			inputPaths = (
			);
			name = "Create XCFramework";
			outputFileListPaths = (
			);
			outputPaths = (
			);
			runOnlyForDeploymentPostprocessing = 0;
			shellPath = /bin/sh;
			shellScript = "chmod +x BuildScript/add_Git_Hash.sh\nBuildScript/add_Git_Hash.sh\nBuildScript/build_XCFramework.sh\n";
		};
		F1DDD75828CA574500835912 /* ShellScript */ = {
			isa = PBXShellScriptBuildPhase;
			buildActionMask = 2147483647;
			files = (
			);
			inputFileListPaths = (
			);
			inputPaths = (
			);
			outputFileListPaths = (
			);
			outputPaths = (
			);
			runOnlyForDeploymentPostprocessing = 0;
			shellPath = /bin/sh;
			shellScript = "## Remove Yahoo Resources from the adapter not to create Duplicate resources\nrm -fr \"${TARGET_BUILD_DIR}/${UNLOCALIZED_RESOURCES_FOLDER_PATH}/YahooAdsResources.bundle\"\n";
		};
/* End PBXShellScriptBuildPhase section */

/* Begin PBXSourcesBuildPhase section */
		EFE27C0028337CC500391127 /* Sources */ = {
			isa = PBXSourcesBuildPhase;
			buildActionMask = 2147483647;
			files = (
				B9F272962B34792300B4833A /* ISLoopMeCustomRewardedVideo.m in Sources */,
				B9F272992B34792300B4833A /* ISLoopMeCustomBanner.m in Sources */,
				B9F2729B2B34792300B4833A /* ISLoopMeCustomInterstitial.m in Sources */,
				B9F272952B34792300B4833A /* ISLoopMeCustomAdapter.m in Sources */,
			);
			runOnlyForDeploymentPostprocessing = 0;
		};
/* End PBXSourcesBuildPhase section */

/* Begin XCBuildConfiguration section */
		EFE27C0928337CC500391127 /* Debug */ = {
			isa = XCBuildConfiguration;
			buildSettings = {
				ALWAYS_SEARCH_USER_PATHS = NO;
				CLANG_ANALYZER_NONNULL = YES;
				CLANG_ANALYZER_NUMBER_OBJECT_CONVERSION = YES_AGGRESSIVE;
				CLANG_CXX_LANGUAGE_STANDARD = "gnu++17";
				CLANG_ENABLE_MODULES = YES;
				CLANG_ENABLE_OBJC_ARC = YES;
				CLANG_ENABLE_OBJC_WEAK = YES;
				CLANG_WARN_BLOCK_CAPTURE_AUTORELEASING = YES;
				CLANG_WARN_BOOL_CONVERSION = YES;
				CLANG_WARN_COMMA = YES;
				CLANG_WARN_CONSTANT_CONVERSION = YES;
				CLANG_WARN_DEPRECATED_OBJC_IMPLEMENTATIONS = YES;
				CLANG_WARN_DIRECT_OBJC_ISA_USAGE = YES_ERROR;
				CLANG_WARN_DOCUMENTATION_COMMENTS = YES;
				CLANG_WARN_EMPTY_BODY = YES;
				CLANG_WARN_ENUM_CONVERSION = YES;
				CLANG_WARN_INFINITE_RECURSION = YES;
				CLANG_WARN_INT_CONVERSION = YES;
				CLANG_WARN_NON_LITERAL_NULL_CONVERSION = YES;
				CLANG_WARN_OBJC_IMPLICIT_RETAIN_SELF = YES;
				CLANG_WARN_OBJC_LITERAL_CONVERSION = YES;
				CLANG_WARN_OBJC_ROOT_CLASS = YES_ERROR;
				CLANG_WARN_QUOTED_INCLUDE_IN_FRAMEWORK_HEADER = YES;
				CLANG_WARN_RANGE_LOOP_ANALYSIS = YES;
				CLANG_WARN_STRICT_PROTOTYPES = YES;
				CLANG_WARN_SUSPICIOUS_MOVE = YES;
				CLANG_WARN_UNGUARDED_AVAILABILITY = YES_AGGRESSIVE;
				CLANG_WARN_UNREACHABLE_CODE = YES;
				CLANG_WARN__DUPLICATE_METHOD_MATCH = YES;
				COPY_PHASE_STRIP = NO;
				CURRENT_PROJECT_VERSION = 1;
				DEBUG_INFORMATION_FORMAT = dwarf;
				ENABLE_BITCODE = NO;
				ENABLE_STRICT_OBJC_MSGSEND = YES;
				ENABLE_TESTABILITY = YES;
				GCC_C_LANGUAGE_STANDARD = gnu11;
				GCC_DYNAMIC_NO_PIC = NO;
				GCC_NO_COMMON_BLOCKS = YES;
				GCC_OPTIMIZATION_LEVEL = 0;
				GCC_PREPROCESSOR_DEFINITIONS = (
					"DEBUG=1",
					"$(inherited)",
				);
				GCC_WARN_64_TO_32_BIT_CONVERSION = YES;
				GCC_WARN_ABOUT_RETURN_TYPE = YES_ERROR;
				GCC_WARN_UNDECLARED_SELECTOR = YES;
				GCC_WARN_UNINITIALIZED_AUTOS = YES_AGGRESSIVE;
				GCC_WARN_UNUSED_FUNCTION = YES;
				GCC_WARN_UNUSED_VARIABLE = YES;
				IPHONEOS_DEPLOYMENT_TARGET = 11.0;
				MTL_ENABLE_DEBUG_INFO = INCLUDE_SOURCE;
				MTL_FAST_MATH = YES;
				ONLY_ACTIVE_ARCH = YES;
				SDKROOT = iphoneos;
				VERSIONING_SYSTEM = "apple-generic";
				VERSION_INFO_PREFIX = "";
			};
			name = Debug;
		};
		EFE27C0A28337CC500391127 /* Release */ = {
			isa = XCBuildConfiguration;
			buildSettings = {
				ALWAYS_SEARCH_USER_PATHS = NO;
				CLANG_ANALYZER_NONNULL = YES;
				CLANG_ANALYZER_NUMBER_OBJECT_CONVERSION = YES_AGGRESSIVE;
				CLANG_CXX_LANGUAGE_STANDARD = "gnu++17";
				CLANG_ENABLE_MODULES = YES;
				CLANG_ENABLE_OBJC_ARC = YES;
				CLANG_ENABLE_OBJC_WEAK = YES;
				CLANG_WARN_BLOCK_CAPTURE_AUTORELEASING = YES;
				CLANG_WARN_BOOL_CONVERSION = YES;
				CLANG_WARN_COMMA = YES;
				CLANG_WARN_CONSTANT_CONVERSION = YES;
				CLANG_WARN_DEPRECATED_OBJC_IMPLEMENTATIONS = YES;
				CLANG_WARN_DIRECT_OBJC_ISA_USAGE = YES_ERROR;
				CLANG_WARN_DOCUMENTATION_COMMENTS = YES;
				CLANG_WARN_EMPTY_BODY = YES;
				CLANG_WARN_ENUM_CONVERSION = YES;
				CLANG_WARN_INFINITE_RECURSION = YES;
				CLANG_WARN_INT_CONVERSION = YES;
				CLANG_WARN_NON_LITERAL_NULL_CONVERSION = YES;
				CLANG_WARN_OBJC_IMPLICIT_RETAIN_SELF = YES;
				CLANG_WARN_OBJC_LITERAL_CONVERSION = YES;
				CLANG_WARN_OBJC_ROOT_CLASS = YES_ERROR;
				CLANG_WARN_QUOTED_INCLUDE_IN_FRAMEWORK_HEADER = YES;
				CLANG_WARN_RANGE_LOOP_ANALYSIS = YES;
				CLANG_WARN_STRICT_PROTOTYPES = YES;
				CLANG_WARN_SUSPICIOUS_MOVE = YES;
				CLANG_WARN_UNGUARDED_AVAILABILITY = YES_AGGRESSIVE;
				CLANG_WARN_UNREACHABLE_CODE = YES;
				CLANG_WARN__DUPLICATE_METHOD_MATCH = YES;
				COPY_PHASE_STRIP = NO;
				CURRENT_PROJECT_VERSION = 1;
				DEBUG_INFORMATION_FORMAT = "dwarf-with-dsym";
				ENABLE_BITCODE = NO;
				ENABLE_NS_ASSERTIONS = NO;
				ENABLE_STRICT_OBJC_MSGSEND = YES;
				GCC_C_LANGUAGE_STANDARD = gnu11;
				GCC_NO_COMMON_BLOCKS = YES;
				GCC_WARN_64_TO_32_BIT_CONVERSION = YES;
				GCC_WARN_ABOUT_RETURN_TYPE = YES_ERROR;
				GCC_WARN_UNDECLARED_SELECTOR = YES;
				GCC_WARN_UNINITIALIZED_AUTOS = YES_AGGRESSIVE;
				GCC_WARN_UNUSED_FUNCTION = YES;
				GCC_WARN_UNUSED_VARIABLE = YES;
				IPHONEOS_DEPLOYMENT_TARGET = 11.0;
				MTL_ENABLE_DEBUG_INFO = NO;
				MTL_FAST_MATH = YES;
				SDKROOT = iphoneos;
				VALIDATE_PRODUCT = YES;
				VERSIONING_SYSTEM = "apple-generic";
				VERSION_INFO_PREFIX = "";
			};
			name = Release;
		};
		EFE27C0C28337CC500391127 /* Debug */ = {
			isa = XCBuildConfiguration;
			baseConfigurationReference = 360098B97EE52F6E096A7032 /* Pods-ISLoopMeAdapter.debug.xcconfig */;
			buildSettings = {
				CODE_SIGN_STYLE = Automatic;
				CURRENT_PROJECT_VERSION = 1;
				DEFINES_MODULE = YES;
				DEVELOPMENT_TEAM = 5LM9LJ6JB7;
				DYLIB_COMPATIBILITY_VERSION = "";
				DYLIB_CURRENT_VERSION = "";
				DYLIB_INSTALL_NAME_BASE = "@rpath";
				GENERATE_INFOPLIST_FILE = YES;
				INFOPLIST_KEY_NSHumanReadableCopyright = "";
				INSTALL_PATH = "$(LOCAL_LIBRARY_DIR)/Frameworks";
				IPHONEOS_DEPLOYMENT_TARGET = 11.0;
				LD_RUNPATH_SEARCH_PATHS = (
					"$(inherited)",
					"@executable_path/Frameworks",
					"@loader_path/Frameworks",
				);
				MACH_O_TYPE = staticlib;
				MARKETING_VERSION = 1.0;
				OTHER_CFLAGS = "-fno-objc-msgsend-selector-stubs";
				PRODUCT_BUNDLE_IDENTIFIER = com.ironsource.ISLoopMeAdapter;
				PRODUCT_NAME = ISLoopMeAdapter;
				SKIP_INSTALL = YES;
				SUPPORTS_MACCATALYST = NO;
				SWIFT_EMIT_LOC_STRINGS = YES;
				TARGETED_DEVICE_FAMILY = "1,2";
			};
			name = Debug;
		};
		EFE27C0D28337CC500391127 /* Release */ = {
			isa = XCBuildConfiguration;
			baseConfigurationReference = B1A5010FB4A05955569FFA9A /* Pods-ISLoopMeAdapter.release.xcconfig */;
			buildSettings = {
				CODE_SIGN_STYLE = Automatic;
				CURRENT_PROJECT_VERSION = 1;
				DEFINES_MODULE = YES;
				DEVELOPMENT_TEAM = 5LM9LJ6JB7;
				DYLIB_COMPATIBILITY_VERSION = "";
				DYLIB_CURRENT_VERSION = "";
				DYLIB_INSTALL_NAME_BASE = "@rpath";
				GENERATE_INFOPLIST_FILE = YES;
				INFOPLIST_KEY_NSHumanReadableCopyright = "";
				INSTALL_PATH = "$(LOCAL_LIBRARY_DIR)/Frameworks";
				IPHONEOS_DEPLOYMENT_TARGET = 11.0;
				LD_RUNPATH_SEARCH_PATHS = (
					"$(inherited)",
					"@executable_path/Frameworks",
					"@loader_path/Frameworks",
				);
				MACH_O_TYPE = staticlib;
				MARKETING_VERSION = 1.0;
				OTHER_CFLAGS = "-fno-objc-msgsend-selector-stubs";
				PRODUCT_BUNDLE_IDENTIFIER = com.ironsource.ISLoopMeAdapter;
				PRODUCT_NAME = ISLoopMeAdapter;
				SKIP_INSTALL = YES;
				SUPPORTS_MACCATALYST = NO;
				SWIFT_EMIT_LOC_STRINGS = YES;
				TARGETED_DEVICE_FAMILY = "1,2";
			};
			name = Release;
		};
/* End XCBuildConfiguration section */

/* Begin XCConfigurationList section */
		EFE27BFE28337CC500391127 /* Build configuration list for PBXProject "ISLoopMeAdapter" */ = {
			isa = XCConfigurationList;
			buildConfigurations = (
				EFE27C0928337CC500391127 /* Debug */,
				EFE27C0A28337CC500391127 /* Release */,
			);
			defaultConfigurationIsVisible = 0;
			defaultConfigurationName = Release;
		};
		EFE27C0B28337CC500391127 /* Build configuration list for PBXNativeTarget "ISLoopMeAdapter" */ = {
			isa = XCConfigurationList;
			buildConfigurations = (
				EFE27C0C28337CC500391127 /* Debug */,
				EFE27C0D28337CC500391127 /* Release */,
			);
			defaultConfigurationIsVisible = 0;
			defaultConfigurationName = Release;
		};
/* End XCConfigurationList section */
	};
	rootObject = EFE27BFB28337CC500391127 /* Project object */;
}
