// !$*UTF8*$!
{
	archiveVersion = 1;
	classes = {
	};
	objectVersion = 50;
	objects = {

/* Begin PBXBuildFile section */
		477EB996225C9BB700762429 /* AppDelegate.m in Sources */ = {isa = PBXBuildFile; fileRef = 477EB995225C9BB700762429 /* AppDelegate.m */; };
		477EB999225C9BB700762429 /* ViewController.m in Sources */ = {isa = PBXBuildFile; fileRef = 477EB998225C9BB700762429 /* ViewController.m */; };
		477EB99C225C9BB700762429 /* Main.storyboard in Resources */ = {isa = PBXBuildFile; fileRef = 477EB99A225C9BB700762429 /* Main.storyboard */; };
		477EB99E225C9BB900762429 /* Assets.xcassets in Resources */ = {isa = PBXBuildFile; fileRef = 477EB99D225C9BB900762429 /* Assets.xcassets */; };
		477EB9A1225C9BB900762429 /* LaunchScreen.storyboard in Resources */ = {isa = PBXBuildFile; fileRef = 477EB99F225C9BB900762429 /* LaunchScreen.storyboard */; };
		477EB9A4225C9BB900762429 /* main.m in Sources */ = {isa = PBXBuildFile; fileRef = 477EB9A3225C9BB900762429 /* main.m */; };
		477EB9AE225C9BBA00762429 /* DemoTests.m in Sources */ = {isa = PBXBuildFile; fileRef = 477EB9AD225C9BBA00762429 /* DemoTests.m */; };
		477EBA0B225C9BE400762429 /* source.json in Resources */ = {isa = PBXBuildFile; fileRef = 477EB9BC225C9BE400762429 /* source.json */; };
		477EBA0C225C9BE400762429 /* TableCityCell.m in Sources */ = {isa = PBXBuildFile; fileRef = 477EB9BF225C9BE400762429 /* TableCityCell.m */; };
		477EBA0D225C9BE400762429 /* LDInterstitialViewController.m in Sources */ = {isa = PBXBuildFile; fileRef = 477EB9C4225C9BE400762429 /* LDInterstitialViewController.m */; };
		477EBA0E225C9BE400762429 /* LDViewController.m in Sources */ = {isa = PBXBuildFile; fileRef = 477EB9C6225C9BE400762429 /* LDViewController.m */; };
		477EBA0F225C9BE400762429 /* LDScrollableViewController.m in Sources */ = {isa = PBXBuildFile; fileRef = 477EB9C7225C9BE400762429 /* LDScrollableViewController.m */; };
		477EBA10225C9BE400762429 /* LDBannerViewController.m in Sources */ = {isa = PBXBuildFile; fileRef = 477EB9C8225C9BE400762429 /* LDBannerViewController.m */; };
		477EBB53225CAD3C00762429 /* libxml2.tbd in Frameworks */ = {isa = PBXBuildFile; fileRef = 477EBB52225CAD3C00762429 /* libxml2.tbd */; };
		477EBB56225DE76B00762429 /* ScrollViewController.m in Sources */ = {isa = PBXBuildFile; fileRef = 477EBB55225DE76B00762429 /* ScrollViewController.m */; };
		47CE3B1C236AFE6500899E5D /* LoopMeResources.bundle in Resources */ = {isa = PBXBuildFile; fileRef = 47CE3B1A236AFE6400899E5D /* LoopMeResources.bundle */; };
		47CE3B1E236AFE7000899E5D /* LoopMeResources.bundle in Embed PlugIns */ = {isa = PBXBuildFile; fileRef = 47CE3B1A236AFE6400899E5D /* LoopMeResources.bundle */; settings = {ATTRIBUTES = (RemoveHeadersOnCopy, ); }; };
		47CE3B1F236AFE7300899E5D /* LoopMeUnitedSDK.framework in Frameworks */ = {isa = PBXBuildFile; fileRef = 47CE3B1B236AFE6400899E5D /* LoopMeUnitedSDK.framework */; };
		47CE3B20236AFE7300899E5D /* LoopMeUnitedSDK.framework in Embed Frameworks */ = {isa = PBXBuildFile; fileRef = 47CE3B1B236AFE6400899E5D /* LoopMeUnitedSDK.framework */; settings = {ATTRIBUTES = (CodeSignOnCopy, RemoveHeadersOnCopy, ); }; };
/* End PBXBuildFile section */

/* Begin PBXContainerItemProxy section */
		477EB9AA225C9BBA00762429 /* PBXContainerItemProxy */ = {
			isa = PBXContainerItemProxy;
			containerPortal = 477EB989225C9BB700762429 /* Project object */;
			proxyType = 1;
			remoteGlobalIDString = 477EB990225C9BB700762429;
			remoteInfo = Demo;
		};
/* End PBXContainerItemProxy section */

/* Begin PBXCopyFilesBuildPhase section */
		473E85682369D26600EBB444 /* Embed Frameworks */ = {
			isa = PBXCopyFilesBuildPhase;
			buildActionMask = 2147483647;
			dstPath = "";
			dstSubfolderSpec = 10;
			files = (
				47CE3B20236AFE7300899E5D /* LoopMeUnitedSDK.framework in Embed Frameworks */,
			);
			name = "Embed Frameworks";
			runOnlyForDeploymentPostprocessing = 0;
		};
		473E856C2369D29D00EBB444 /* Embed PlugIns */ = {
			isa = PBXCopyFilesBuildPhase;
			buildActionMask = 2147483647;
			dstPath = "";
			dstSubfolderSpec = 13;
			files = (
				47CE3B1E236AFE7000899E5D /* LoopMeResources.bundle in Embed PlugIns */,
			);
			name = "Embed PlugIns";
			runOnlyForDeploymentPostprocessing = 0;
		};
/* End PBXCopyFilesBuildPhase section */

/* Begin PBXFileReference section */
		477EB991225C9BB700762429 /* Demo.app */ = {isa = PBXFileReference; explicitFileType = wrapper.application; includeInIndex = 0; path = Demo.app; sourceTree = BUILT_PRODUCTS_DIR; };
		477EB994225C9BB700762429 /* AppDelegate.h */ = {isa = PBXFileReference; lastKnownFileType = sourcecode.c.h; path = AppDelegate.h; sourceTree = "<group>"; };
		477EB995225C9BB700762429 /* AppDelegate.m */ = {isa = PBXFileReference; lastKnownFileType = sourcecode.c.objc; path = AppDelegate.m; sourceTree = "<group>"; };
		477EB997225C9BB700762429 /* ViewController.h */ = {isa = PBXFileReference; lastKnownFileType = sourcecode.c.h; path = ViewController.h; sourceTree = "<group>"; };
		477EB998225C9BB700762429 /* ViewController.m */ = {isa = PBXFileReference; lastKnownFileType = sourcecode.c.objc; path = ViewController.m; sourceTree = "<group>"; };
		477EB99B225C9BB700762429 /* Base */ = {isa = PBXFileReference; lastKnownFileType = file.storyboard; name = Base; path = Base.lproj/Main.storyboard; sourceTree = "<group>"; };
		477EB99D225C9BB900762429 /* Assets.xcassets */ = {isa = PBXFileReference; lastKnownFileType = folder.assetcatalog; path = Assets.xcassets; sourceTree = "<group>"; };
		477EB9A0225C9BB900762429 /* Base */ = {isa = PBXFileReference; lastKnownFileType = file.storyboard; name = Base; path = Base.lproj/LaunchScreen.storyboard; sourceTree = "<group>"; };
		477EB9A2225C9BB900762429 /* Info.plist */ = {isa = PBXFileReference; lastKnownFileType = text.plist.xml; path = Info.plist; sourceTree = "<group>"; };
		477EB9A3225C9BB900762429 /* main.m */ = {isa = PBXFileReference; lastKnownFileType = sourcecode.c.objc; path = main.m; sourceTree = "<group>"; };
		477EB9A9225C9BBA00762429 /* DemoTests.xctest */ = {isa = PBXFileReference; explicitFileType = wrapper.cfbundle; includeInIndex = 0; path = DemoTests.xctest; sourceTree = BUILT_PRODUCTS_DIR; };
		477EB9AD225C9BBA00762429 /* DemoTests.m */ = {isa = PBXFileReference; lastKnownFileType = sourcecode.c.objc; path = DemoTests.m; sourceTree = "<group>"; };
		477EB9AF225C9BBA00762429 /* Info.plist */ = {isa = PBXFileReference; lastKnownFileType = text.plist.xml; path = Info.plist; sourceTree = "<group>"; };
		477EB9BC225C9BE400762429 /* source.json */ = {isa = PBXFileReference; fileEncoding = 4; lastKnownFileType = text.json; path = source.json; sourceTree = "<group>"; };
		477EB9BF225C9BE400762429 /* TableCityCell.m */ = {isa = PBXFileReference; fileEncoding = 4; lastKnownFileType = sourcecode.c.objc; path = TableCityCell.m; sourceTree = "<group>"; };
		477EB9C0225C9BE400762429 /* TableCityCell.h */ = {isa = PBXFileReference; fileEncoding = 4; lastKnownFileType = sourcecode.c.h; path = TableCityCell.h; sourceTree = "<group>"; };
		477EB9C2225C9BE400762429 /* LDScrollableViewController.h */ = {isa = PBXFileReference; fileEncoding = 4; lastKnownFileType = sourcecode.c.h; path = LDScrollableViewController.h; sourceTree = "<group>"; };
		477EB9C3225C9BE400762429 /* LDViewController.h */ = {isa = PBXFileReference; fileEncoding = 4; lastKnownFileType = sourcecode.c.h; path = LDViewController.h; sourceTree = "<group>"; };
		477EB9C4225C9BE400762429 /* LDInterstitialViewController.m */ = {isa = PBXFileReference; fileEncoding = 4; lastKnownFileType = sourcecode.c.objc; path = LDInterstitialViewController.m; sourceTree = "<group>"; };
		477EB9C5225C9BE400762429 /* LDBannerViewController.h */ = {isa = PBXFileReference; fileEncoding = 4; lastKnownFileType = sourcecode.c.h; path = LDBannerViewController.h; sourceTree = "<group>"; };
		477EB9C6225C9BE400762429 /* LDViewController.m */ = {isa = PBXFileReference; fileEncoding = 4; lastKnownFileType = sourcecode.c.objc; path = LDViewController.m; sourceTree = "<group>"; };
		477EB9C7225C9BE400762429 /* LDScrollableViewController.m */ = {isa = PBXFileReference; fileEncoding = 4; lastKnownFileType = sourcecode.c.objc; path = LDScrollableViewController.m; sourceTree = "<group>"; };
		477EB9C8225C9BE400762429 /* LDBannerViewController.m */ = {isa = PBXFileReference; fileEncoding = 4; lastKnownFileType = sourcecode.c.objc; path = LDBannerViewController.m; sourceTree = "<group>"; };
		477EB9C9225C9BE400762429 /* LDInterstitialViewController.h */ = {isa = PBXFileReference; fileEncoding = 4; lastKnownFileType = sourcecode.c.h; path = LDInterstitialViewController.h; sourceTree = "<group>"; };
		477EBB52225CAD3C00762429 /* libxml2.tbd */ = {isa = PBXFileReference; lastKnownFileType = "sourcecode.text-based-dylib-definition"; name = libxml2.tbd; path = usr/lib/libxml2.tbd; sourceTree = SDKROOT; };
		477EBB54225DE76B00762429 /* ScrollViewController.h */ = {isa = PBXFileReference; lastKnownFileType = sourcecode.c.h; path = ScrollViewController.h; sourceTree = "<group>"; };
		477EBB55225DE76B00762429 /* ScrollViewController.m */ = {isa = PBXFileReference; lastKnownFileType = sourcecode.c.objc; path = ScrollViewController.m; sourceTree = "<group>"; };
		47CE3B1A236AFE6400899E5D /* LoopMeResources.bundle */ = {isa = PBXFileReference; lastKnownFileType = "wrapper.plug-in"; path = LoopMeResources.bundle; sourceTree = "<group>"; };
		47CE3B1B236AFE6400899E5D /* LoopMeUnitedSDK.framework */ = {isa = PBXFileReference; lastKnownFileType = wrapper.framework; path = LoopMeUnitedSDK.framework; sourceTree = "<group>"; };
/* End PBXFileReference section */

/* Begin PBXFrameworksBuildPhase section */
		477EB98E225C9BB700762429 /* Frameworks */ = {
			isa = PBXFrameworksBuildPhase;
			buildActionMask = 2147483647;
			files = (
				47CE3B1F236AFE7300899E5D /* LoopMeUnitedSDK.framework in Frameworks */,
				477EBB53225CAD3C00762429 /* libxml2.tbd in Frameworks */,
			);
			runOnlyForDeploymentPostprocessing = 0;
		};
		477EB9A6225C9BBA00762429 /* Frameworks */ = {
			isa = PBXFrameworksBuildPhase;
			buildActionMask = 2147483647;
			files = (
			);
			runOnlyForDeploymentPostprocessing = 0;
		};
/* End PBXFrameworksBuildPhase section */

/* Begin PBXGroup section */
		477EB988225C9BB700762429 = {
			isa = PBXGroup;
			children = (
				477EB993225C9BB700762429 /* Demo */,
				477EB9AC225C9BBA00762429 /* DemoTests */,
				477EB992225C9BB700762429 /* Products */,
				477EBB51225CAD3B00762429 /* Frameworks */,
			);
			sourceTree = "<group>";
		};
		477EB992225C9BB700762429 /* Products */ = {
			isa = PBXGroup;
			children = (
				477EB991225C9BB700762429 /* Demo.app */,
				477EB9A9225C9BBA00762429 /* DemoTests.xctest */,
			);
			name = Products;
			sourceTree = "<group>";
		};
		477EB993225C9BB700762429 /* Demo */ = {
			isa = PBXGroup;
			children = (
				477EB9BC225C9BE400762429 /* source.json */,
				477EB9BD225C9BE400762429 /* Classes */,
				477EB994225C9BB700762429 /* AppDelegate.h */,
				477EB995225C9BB700762429 /* AppDelegate.m */,
				477EB997225C9BB700762429 /* ViewController.h */,
				477EB998225C9BB700762429 /* ViewController.m */,
				477EB99A225C9BB700762429 /* Main.storyboard */,
				477EB99D225C9BB900762429 /* Assets.xcassets */,
				477EB99F225C9BB900762429 /* LaunchScreen.storyboard */,
				477EB9A2225C9BB900762429 /* Info.plist */,
				477EB9A3225C9BB900762429 /* main.m */,
				477EBB54225DE76B00762429 /* ScrollViewController.h */,
				477EBB55225DE76B00762429 /* ScrollViewController.m */,
			);
			path = Demo;
			sourceTree = "<group>";
		};
		477EB9AC225C9BBA00762429 /* DemoTests */ = {
			isa = PBXGroup;
			children = (
				477EB9AD225C9BBA00762429 /* DemoTests.m */,
				477EB9AF225C9BBA00762429 /* Info.plist */,
			);
			path = DemoTests;
			sourceTree = "<group>";
		};
		477EB9BD225C9BE400762429 /* Classes */ = {
			isa = PBXGroup;
			children = (
				477EB9BE225C9BE400762429 /* Cell */,
				477EB9C1225C9BE400762429 /* ViewControllers */,
			);
			path = Classes;
			sourceTree = "<group>";
		};
		477EB9BE225C9BE400762429 /* Cell */ = {
			isa = PBXGroup;
			children = (
				477EB9BF225C9BE400762429 /* TableCityCell.m */,
				477EB9C0225C9BE400762429 /* TableCityCell.h */,
			);
			path = Cell;
			sourceTree = "<group>";
		};
		477EB9C1225C9BE400762429 /* ViewControllers */ = {
			isa = PBXGroup;
			children = (
				477EB9C9225C9BE400762429 /* LDInterstitialViewController.h */,
				477EB9C4225C9BE400762429 /* LDInterstitialViewController.m */,
				477EB9C5225C9BE400762429 /* LDBannerViewController.h */,
				477EB9C8225C9BE400762429 /* LDBannerViewController.m */,
				477EB9C3225C9BE400762429 /* LDViewController.h */,
				477EB9C6225C9BE400762429 /* LDViewController.m */,
				477EB9C2225C9BE400762429 /* LDScrollableViewController.h */,
				477EB9C7225C9BE400762429 /* LDScrollableViewController.m */,
			);
			path = ViewControllers;
			sourceTree = "<group>";
		};
		477EBB51225CAD3B00762429 /* Frameworks */ = {
			isa = PBXGroup;
			children = (
				47CE3B19236AFE6400899E5D /* LoopMeUnitedSDK.embeddedframework */,
				477EBB52225CAD3C00762429 /* libxml2.tbd */,
			);
			name = Frameworks;
			sourceTree = "<group>";
		};
		47CE3B19236AFE6400899E5D /* LoopMeUnitedSDK.embeddedframework */ = {
			isa = PBXGroup;
			children = (
				47CE3B1A236AFE6400899E5D /* LoopMeResources.bundle */,
				47CE3B1B236AFE6400899E5D /* LoopMeUnitedSDK.framework */,
			);
			name = LoopMeUnitedSDK.embeddedframework;
			path = ../LoopMeUnitedSDK.embeddedframework;
			sourceTree = "<group>";
		};
/* End PBXGroup section */

/* Begin PBXNativeTarget section */
		477EB990225C9BB700762429 /* Demo */ = {
			isa = PBXNativeTarget;
			buildConfigurationList = 477EB9B2225C9BBA00762429 /* Build configuration list for PBXNativeTarget "Demo" */;
			buildPhases = (
				477EB98D225C9BB700762429 /* Sources */,
				477EB98E225C9BB700762429 /* Frameworks */,
				477EB98F225C9BB700762429 /* Resources */,
				473E85682369D26600EBB444 /* Embed Frameworks */,
				473E856C2369D29D00EBB444 /* Embed PlugIns */,
			);
			buildRules = (
			);
			dependencies = (
			);
			name = Demo;
			productName = Demo;
			productReference = 477EB991225C9BB700762429 /* Demo.app */;
			productType = "com.apple.product-type.application";
		};
		477EB9A8225C9BBA00762429 /* DemoTests */ = {
			isa = PBXNativeTarget;
			buildConfigurationList = 477EB9B5225C9BBA00762429 /* Build configuration list for PBXNativeTarget "DemoTests" */;
			buildPhases = (
				477EB9A5225C9BBA00762429 /* Sources */,
				477EB9A6225C9BBA00762429 /* Frameworks */,
				477EB9A7225C9BBA00762429 /* Resources */,
			);
			buildRules = (
			);
			dependencies = (
				477EB9AB225C9BBA00762429 /* PBXTargetDependency */,
			);
			name = DemoTests;
			productName = DemoTests;
			productReference = 477EB9A9225C9BBA00762429 /* DemoTests.xctest */;
			productType = "com.apple.product-type.bundle.unit-test";
		};
/* End PBXNativeTarget section */

/* Begin PBXProject section */
		477EB989225C9BB700762429 /* Project object */ = {
			isa = PBXProject;
			attributes = {
				LastUpgradeCheck = 1020;
				ORGANIZATIONNAME = LoopMe;
				TargetAttributes = {
					477EB990225C9BB700762429 = {
						CreatedOnToolsVersion = 10.2;
					};
					477EB9A8225C9BBA00762429 = {
						CreatedOnToolsVersion = 10.2;
						TestTargetID = 477EB990225C9BB700762429;
					};
				};
			};
			buildConfigurationList = 477EB98C225C9BB700762429 /* Build configuration list for PBXProject "Demo" */;
			compatibilityVersion = "Xcode 9.3";
			developmentRegion = en;
			hasScannedForEncodings = 0;
			knownRegions = (
				en,
				Base,
			);
			mainGroup = 477EB988225C9BB700762429;
			productRefGroup = 477EB992225C9BB700762429 /* Products */;
			projectDirPath = "";
			projectRoot = "";
			targets = (
				477EB990225C9BB700762429 /* Demo */,
				477EB9A8225C9BBA00762429 /* DemoTests */,
			);
		};
/* End PBXProject section */

/* Begin PBXResourcesBuildPhase section */
		477EB98F225C9BB700762429 /* Resources */ = {
			isa = PBXResourcesBuildPhase;
			buildActionMask = 2147483647;
			files = (
				477EB9A1225C9BB900762429 /* LaunchScreen.storyboard in Resources */,
				47CE3B1C236AFE6500899E5D /* LoopMeResources.bundle in Resources */,
				477EB99E225C9BB900762429 /* Assets.xcassets in Resources */,
				477EB99C225C9BB700762429 /* Main.storyboard in Resources */,
				477EBA0B225C9BE400762429 /* source.json in Resources */,
			);
			runOnlyForDeploymentPostprocessing = 0;
		};
		477EB9A7225C9BBA00762429 /* Resources */ = {
			isa = PBXResourcesBuildPhase;
			buildActionMask = 2147483647;
			files = (
			);
			runOnlyForDeploymentPostprocessing = 0;
		};
/* End PBXResourcesBuildPhase section */

/* Begin PBXSourcesBuildPhase section */
		477EB98D225C9BB700762429 /* Sources */ = {
			isa = PBXSourcesBuildPhase;
			buildActionMask = 2147483647;
			files = (
				477EBA10225C9BE400762429 /* LDBannerViewController.m in Sources */,
				477EBB56225DE76B00762429 /* ScrollViewController.m in Sources */,
				477EBA0D225C9BE400762429 /* LDInterstitialViewController.m in Sources */,
				477EB999225C9BB700762429 /* ViewController.m in Sources */,
				477EBA0F225C9BE400762429 /* LDScrollableViewController.m in Sources */,
				477EBA0E225C9BE400762429 /* LDViewController.m in Sources */,
				477EB9A4225C9BB900762429 /* main.m in Sources */,
				477EB996225C9BB700762429 /* AppDelegate.m in Sources */,
				477EBA0C225C9BE400762429 /* TableCityCell.m in Sources */,
			);
			runOnlyForDeploymentPostprocessing = 0;
		};
		477EB9A5225C9BBA00762429 /* Sources */ = {
			isa = PBXSourcesBuildPhase;
			buildActionMask = 2147483647;
			files = (
				477EB9AE225C9BBA00762429 /* DemoTests.m in Sources */,
			);
			runOnlyForDeploymentPostprocessing = 0;
		};
/* End PBXSourcesBuildPhase section */

/* Begin PBXTargetDependency section */
		477EB9AB225C9BBA00762429 /* PBXTargetDependency */ = {
			isa = PBXTargetDependency;
			target = 477EB990225C9BB700762429 /* Demo */;
			targetProxy = 477EB9AA225C9BBA00762429 /* PBXContainerItemProxy */;
		};
/* End PBXTargetDependency section */

/* Begin PBXVariantGroup section */
		477EB99A225C9BB700762429 /* Main.storyboard */ = {
			isa = PBXVariantGroup;
			children = (
				477EB99B225C9BB700762429 /* Base */,
			);
			name = Main.storyboard;
			sourceTree = "<group>";
		};
		477EB99F225C9BB900762429 /* LaunchScreen.storyboard */ = {
			isa = PBXVariantGroup;
			children = (
				477EB9A0225C9BB900762429 /* Base */,
			);
			name = LaunchScreen.storyboard;
			sourceTree = "<group>";
		};
/* End PBXVariantGroup section */

/* Begin XCBuildConfiguration section */
		477EB9B0225C9BBA00762429 /* Debug */ = {
			isa = XCBuildConfiguration;
			buildSettings = {
				ALWAYS_SEARCH_USER_PATHS = NO;
				CLANG_ANALYZER_NONNULL = YES;
				CLANG_ANALYZER_NUMBER_OBJECT_CONVERSION = YES_AGGRESSIVE;
				CLANG_CXX_LANGUAGE_STANDARD = "gnu++14";
				CLANG_CXX_LIBRARY = "libc++";
				CLANG_ENABLE_MODULES = YES;
				CLANG_ENABLE_OBJC_ARC = YES;
				CLANG_ENABLE_OBJC_WEAK = YES;
				CLANG_WARN_BLOCK_CAPTURE_AUTORELEASING = YES;
				CLANG_WARN_BOOL_CONVERSION = YES;
				CLANG_WARN_COMMA = YES;
				CLANG_WARN_CONSTANT_CONVERSION = YES;
				CLANG_WARN_DEPRECATED_OBJC_IMPLEMENTATIONS = YES;
				CLANG_WARN_DIRECT_OBJC_ISA_USAGE = YES_ERROR;
				CLANG_WARN_DOCUMENTATION_COMMENTS = YES;
				CLANG_WARN_EMPTY_BODY = YES;
				CLANG_WARN_ENUM_CONVERSION = YES;
				CLANG_WARN_INFINITE_RECURSION = YES;
				CLANG_WARN_INT_CONVERSION = YES;
				CLANG_WARN_NON_LITERAL_NULL_CONVERSION = YES;
				CLANG_WARN_OBJC_IMPLICIT_RETAIN_SELF = YES;
				CLANG_WARN_OBJC_LITERAL_CONVERSION = YES;
				CLANG_WARN_OBJC_ROOT_CLASS = YES_ERROR;
				CLANG_WARN_RANGE_LOOP_ANALYSIS = YES;
				CLANG_WARN_STRICT_PROTOTYPES = YES;
				CLANG_WARN_SUSPICIOUS_MOVE = YES;
				CLANG_WARN_UNGUARDED_AVAILABILITY = YES_AGGRESSIVE;
				CLANG_WARN_UNREACHABLE_CODE = YES;
				CLANG_WARN__DUPLICATE_METHOD_MATCH = YES;
				CODE_SIGN_IDENTITY = "iPhone Developer";
				COPY_PHASE_STRIP = NO;
				DEBUG_INFORMATION_FORMAT = dwarf;
				ENABLE_STRICT_OBJC_MSGSEND = YES;
				ENABLE_TESTABILITY = YES;
				GCC_C_LANGUAGE_STANDARD = gnu11;
				GCC_DYNAMIC_NO_PIC = NO;
				GCC_NO_COMMON_BLOCKS = YES;
				GCC_OPTIMIZATION_LEVEL = 0;
				GCC_PREPROCESSOR_DEFINITIONS = (
					"DEBUG=1",
					"$(inherited)",
				);
				GCC_WARN_64_TO_32_BIT_CONVERSION = YES;
				GCC_WARN_ABOUT_RETURN_TYPE = YES_ERROR;
				GCC_WARN_UNDECLARED_SELECTOR = YES;
				GCC_WARN_UNINITIALIZED_AUTOS = YES_AGGRESSIVE;
				GCC_WARN_UNUSED_FUNCTION = YES;
				GCC_WARN_UNUSED_VARIABLE = YES;
				IPHONEOS_DEPLOYMENT_TARGET = 10.0;
				MTL_ENABLE_DEBUG_INFO = INCLUDE_SOURCE;
				MTL_FAST_MATH = YES;
				ONLY_ACTIVE_ARCH = YES;
				SDKROOT = iphoneos;
			};
			name = Debug;
		};
		477EB9B1225C9BBA00762429 /* Release */ = {
			isa = XCBuildConfiguration;
			buildSettings = {
				ALWAYS_SEARCH_USER_PATHS = NO;
				CLANG_ANALYZER_NONNULL = YES;
				CLANG_ANALYZER_NUMBER_OBJECT_CONVERSION = YES_AGGRESSIVE;
				CLANG_CXX_LANGUAGE_STANDARD = "gnu++14";
				CLANG_CXX_LIBRARY = "libc++";
				CLANG_ENABLE_MODULES = YES;
				CLANG_ENABLE_OBJC_ARC = YES;
				CLANG_ENABLE_OBJC_WEAK = YES;
				CLANG_WARN_BLOCK_CAPTURE_AUTORELEASING = YES;
				CLANG_WARN_BOOL_CONVERSION = YES;
				CLANG_WARN_COMMA = YES;
				CLANG_WARN_CONSTANT_CONVERSION = YES;
				CLANG_WARN_DEPRECATED_OBJC_IMPLEMENTATIONS = YES;
				CLANG_WARN_DIRECT_OBJC_ISA_USAGE = YES_ERROR;
				CLANG_WARN_DOCUMENTATION_COMMENTS = YES;
				CLANG_WARN_EMPTY_BODY = YES;
				CLANG_WARN_ENUM_CONVERSION = YES;
				CLANG_WARN_INFINITE_RECURSION = YES;
				CLANG_WARN_INT_CONVERSION = YES;
				CLANG_WARN_NON_LITERAL_NULL_CONVERSION = YES;
				CLANG_WARN_OBJC_IMPLICIT_RETAIN_SELF = YES;
				CLANG_WARN_OBJC_LITERAL_CONVERSION = YES;
				CLANG_WARN_OBJC_ROOT_CLASS = YES_ERROR;
				CLANG_WARN_RANGE_LOOP_ANALYSIS = YES;
				CLANG_WARN_STRICT_PROTOTYPES = YES;
				CLANG_WARN_SUSPICIOUS_MOVE = YES;
				CLANG_WARN_UNGUARDED_AVAILABILITY = YES_AGGRESSIVE;
				CLANG_WARN_UNREACHABLE_CODE = YES;
				CLANG_WARN__DUPLICATE_METHOD_MATCH = YES;
				CODE_SIGN_IDENTITY = "iPhone Developer";
				COPY_PHASE_STRIP = NO;
				DEBUG_INFORMATION_FORMAT = "dwarf-with-dsym";
				ENABLE_NS_ASSERTIONS = NO;
				ENABLE_STRICT_OBJC_MSGSEND = YES;
				GCC_C_LANGUAGE_STANDARD = gnu11;
				GCC_NO_COMMON_BLOCKS = YES;
				GCC_WARN_64_TO_32_BIT_CONVERSION = YES;
				GCC_WARN_ABOUT_RETURN_TYPE = YES_ERROR;
				GCC_WARN_UNDECLARED_SELECTOR = YES;
				GCC_WARN_UNINITIALIZED_AUTOS = YES_AGGRESSIVE;
				GCC_WARN_UNUSED_FUNCTION = YES;
				GCC_WARN_UNUSED_VARIABLE = YES;
				IPHONEOS_DEPLOYMENT_TARGET = 10.0;
				MTL_ENABLE_DEBUG_INFO = NO;
				MTL_FAST_MATH = YES;
				SDKROOT = iphoneos;
				VALIDATE_PRODUCT = YES;
			};
			name = Release;
		};
		477EB9B3225C9BBA00762429 /* Debug */ = {
			isa = XCBuildConfiguration;
			buildSettings = {
				ASSETCATALOG_COMPILER_APPICON_NAME = AppIcon;
				CODE_SIGN_STYLE = Automatic;
				DEVELOPMENT_TEAM = Q876VLK88R;
				FRAMEWORK_SEARCH_PATHS = "$(PROJECT_DIR)/../LoopMeUnitedSDK.embeddedframework";
				HEADER_SEARCH_PATHS = "$(SDKROOT)/usr/include/libxml2";
				INFOPLIST_FILE = Demo/Info.plist;
				IPHONEOS_DEPLOYMENT_TARGET = 10.0;
				LD_RUNPATH_SEARCH_PATHS = (
					"$(inherited)",
					"@executable_path/Frameworks",
				);
				LIBRARY_SEARCH_PATHS = "\"$(PROJECT_DIR)/../LoopMeSDK Sources/Viewability/IAS\"";
				OTHER_LDFLAGS = "-ObjC";
				PRODUCT_BUNDLE_IDENTIFIER = com.loopme.loopmeX;
				PRODUCT_NAME = "$(TARGET_NAME)";
				TARGETED_DEVICE_FAMILY = "1,2";
			};
			name = Debug;
		};
		477EB9B4225C9BBA00762429 /* Release */ = {
			isa = XCBuildConfiguration;
			buildSettings = {
				ASSETCATALOG_COMPILER_APPICON_NAME = AppIcon;
				CODE_SIGN_STYLE = Automatic;
				DEVELOPMENT_TEAM = Q876VLK88R;
				FRAMEWORK_SEARCH_PATHS = "$(PROJECT_DIR)/../LoopMeUnitedSDK.embeddedframework";
				HEADER_SEARCH_PATHS = "$(SDKROOT)/usr/include/libxml2";
				INFOPLIST_FILE = Demo/Info.plist;
				IPHONEOS_DEPLOYMENT_TARGET = 10.0;
				LD_RUNPATH_SEARCH_PATHS = (
					"$(inherited)",
					"@executable_path/Frameworks",
				);
				LIBRARY_SEARCH_PATHS = "\"$(PROJECT_DIR)/../LoopMeSDK Sources/Viewability/IAS\"";
				OTHER_LDFLAGS = "-ObjC";
				PRODUCT_BUNDLE_IDENTIFIER = com.loopme.loopmeX;
				PRODUCT_NAME = "$(TARGET_NAME)";
				TARGETED_DEVICE_FAMILY = "1,2";
			};
			name = Release;
		};
		477EB9B6225C9BBA00762429 /* Debug */ = {
			isa = XCBuildConfiguration;
			buildSettings = {
				BUNDLE_LOADER = "$(TEST_HOST)";
				CODE_SIGN_STYLE = Automatic;
				DEVELOPMENT_TEAM = Q876VLK88R;
				INFOPLIST_FILE = DemoTests/Info.plist;
				LD_RUNPATH_SEARCH_PATHS = (
					"$(inherited)",
					"@executable_path/Frameworks",
					"@loader_path/Frameworks",
				);
				PRODUCT_BUNDLE_IDENTIFIER = com.loopme.DemoTests;
				PRODUCT_NAME = "$(TARGET_NAME)";
				TARGETED_DEVICE_FAMILY = "1,2";
				TEST_HOST = "$(BUILT_PRODUCTS_DIR)/Demo.app/Demo";
			};
			name = Debug;
		};
		477EB9B7225C9BBA00762429 /* Release */ = {
			isa = XCBuildConfiguration;
			buildSettings = {
				BUNDLE_LOADER = "$(TEST_HOST)";
				CODE_SIGN_STYLE = Automatic;
				DEVELOPMENT_TEAM = Q876VLK88R;
				INFOPLIST_FILE = DemoTests/Info.plist;
				LD_RUNPATH_SEARCH_PATHS = (
					"$(inherited)",
					"@executable_path/Frameworks",
					"@loader_path/Frameworks",
				);
				PRODUCT_BUNDLE_IDENTIFIER = com.loopme.DemoTests;
				PRODUCT_NAME = "$(TARGET_NAME)";
				TARGETED_DEVICE_FAMILY = "1,2";
				TEST_HOST = "$(BUILT_PRODUCTS_DIR)/Demo.app/Demo";
			};
			name = Release;
		};
/* End XCBuildConfiguration section */

/* Begin XCConfigurationList section */
		477EB98C225C9BB700762429 /* Build configuration list for PBXProject "Demo" */ = {
			isa = XCConfigurationList;
			buildConfigurations = (
				477EB9B0225C9BBA00762429 /* Debug */,
				477EB9B1225C9BBA00762429 /* Release */,
			);
			defaultConfigurationIsVisible = 0;
			defaultConfigurationName = Release;
		};
		477EB9B2225C9BBA00762429 /* Build configuration list for PBXNativeTarget "Demo" */ = {
			isa = XCConfigurationList;
			buildConfigurations = (
				477EB9B3225C9BBA00762429 /* Debug */,
				477EB9B4225C9BBA00762429 /* Release */,
			);
			defaultConfigurationIsVisible = 0;
			defaultConfigurationName = Release;
		};
		477EB9B5225C9BBA00762429 /* Build configuration list for PBXNativeTarget "DemoTests" */ = {
			isa = XCConfigurationList;
			buildConfigurations = (
				477EB9B6225C9BBA00762429 /* Debug */,
				477EB9B7225C9BBA00762429 /* Release */,
			);
			defaultConfigurationIsVisible = 0;
			defaultConfigurationName = Release;
		};
/* End XCConfigurationList section */
	};
	rootObject = 477EB989225C9BB700762429 /* Project object */;
}
